
Microsoft Visual Studio Solution File, Format Version 12.00
# Visual Studio Version 17
VisualStudioVersion = 17.11.35208.52
MinimumVisualStudioVersion = 10.0.40219.1
Project("{9A19103F-16F7-4668-BE54-9A1E7A4F7556}") = "FastEndpointAPI", "APIs\FastEndpointAPI\FastEndpointAPI.csproj", "{D4E0C8D8-C83A-47BB-B498-0391E728B94C}"
EndProject
Project("{FAE04EC0-301F-11D3-BF4B-00C04F79EFBC}") = "ASPCoreControllers", "APIs\ASPCoreControllers\ASPCoreControllers.csproj", "{2609173F-A594-44EA-9E52-2469F2BE99B2}"
EndProject
Global
	GlobalSection(SolutionConfigurationPlatforms) = preSolution
		Debug|Any CPU = Debug|Any CPU
		Release|Any CPU = Release|Any CPU
	EndGlobalSection
	GlobalSection(ProjectConfigurationPlatforms) = postSolution
		{D4E0C8D8-C83A-47BB-B498-0391E728B94C}.Debug|Any CPU.ActiveCfg = Debug|Any CPU
		{D4E0C8D8-C83A-47BB-B498-0391E728B94C}.Debug|Any CPU.Build.0 = Debug|Any CPU
		{D4E0C8D8-C83A-47BB-B498-0391E728B94C}.Release|Any CPU.ActiveCfg = Release|Any CPU
		{D4E0C8D8-C83A-47BB-B498-0391E728B94C}.Release|Any CPU.Build.0 = Release|Any CPU
		{2609173F-A594-44EA-9E52-2469F2BE99B2}.Debug|Any CPU.ActiveCfg = Debug|Any CPU
		{2609173F-A594-44EA-9E52-2469F2BE99B2}.Debug|Any CPU.Build.0 = Debug|Any CPU
		{2609173F-A594-44EA-9E52-2469F2BE99B2}.Release|Any CPU.ActiveCfg = Release|Any CPU
		{2609173F-A594-44EA-9E52-2469F2BE99B2}.Release|Any CPU.Build.0 = Release|Any CPU
	EndGlobalSection
	GlobalSection(SolutionProperties) = preSolution
		HideSolutionNode = FALSE
	EndGlobalSection
	GlobalSection(ExtensibilityGlobals) = postSolution
		SolutionGuid = {CAB3D03B-1A99-4D61-BAFE-C8C30CE970AC}
	EndGlobalSection
EndGlobal
