
Microsoft Visual Studio Solution File, Format Version 12.00
# Visual Studio Version 17
VisualStudioVersion = 17.11.35303.130
MinimumVisualStudioVersion = 10.0.40219.1
Project("{9A19103F-16F7-4668-BE54-9A1E7A4F7556}") = "ConsoleApp", "Docker\ConsoleApp\ConsoleApp.csproj", "{53D40D0A-F8FF-40A9-BCF1-FDDC7785E0E3}"
EndProject
Global
	GlobalSection(SolutionConfigurationPlatforms) = preSolution
		Debug|Any CPU = Debug|Any CPU
		Release|Any CPU = Release|Any CPU
	EndGlobalSection
	GlobalSection(ProjectConfigurationPlatforms) = postSolution
		{53D40D0A-F8FF-40A9-BCF1-FDDC7785E0E3}.Debug|Any CPU.ActiveCfg = Debug|Any CPU
		{53D40D0A-F8FF-40A9-BCF1-FDDC7785E0E3}.Debug|Any CPU.Build.0 = Debug|Any CPU
		{53D40D0A-F8FF-40A9-BCF1-FDDC7785E0E3}.Release|Any CPU.ActiveCfg = Release|Any CPU
		{53D40D0A-F8FF-40A9-BCF1-FDDC7785E0E3}.Release|Any CPU.Build.0 = Release|Any CPU
	EndGlobalSection
	GlobalSection(SolutionProperties) = preSolution
		HideSolutionNode = FALSE
	EndGlobalSection
	GlobalSection(ExtensibilityGlobals) = postSolution
		SolutionGuid = {EA0DA376-D4B9-46B6-ADD7-6970396E5F3D}
	EndGlobalSection
EndGlobal
